
Microsoft Visual Studio Solution File, Format Version 12.00
# Visual Studio Version 16
VisualStudioVersion = 16.0.29613.14
MinimumVisualStudioVersion = 10.0.40219.1
Project("{9A19103F-16F7-4668-BE54-9A1E7A4F7556}") = "NETStandardLibrary.Common", "src\NETStandardLibrary.Common\NETStandardLibrary.Common.csproj", "{8B69154F-8929-4353-B5D3-27B2050B5A2D}"
EndProject
Project("{9A19103F-16F7-4668-BE54-9A1E7A4F7556}") = "NETStandardLibrary.Email", "src\NETStandardLibrary.Email\NETStandardLibrary.Email.csproj", "{B0363B00-E4FD-4BE8-82B5-A2BD1CB2CAD4}"
EndProject
Project("{9A19103F-16F7-4668-BE54-9A1E7A4F7556}") = "NETStandardLibrary.Linq", "src\NETStandardLibrary.Linq\NETStandardLibrary.Linq.csproj", "{1EFCCFB6-489D-44C6-B6C9-00BA9541E8CC}"
EndProject
Project("{9A19103F-16F7-4668-BE54-9A1E7A4F7556}") = "NETStandardLibrary.Search", "src\NETStandardLibrary.Search\NETStandardLibrary.Search.csproj", "{55053499-2BAB-4743-A999-A261C95F043E}"
EndProject
Project("{9A19103F-16F7-4668-BE54-9A1E7A4F7556}") = "NETStandardLibraryTests", "tests\NETStandardLibraryTests\NETStandardLibraryTests.csproj", "{DEAB96BD-4065-4324-904D-ABA618C8ED7D}"
EndProject
Project("{9A19103F-16F7-4668-BE54-9A1E7A4F7556}") = "NETStandardLibraryTests.Common", "tests\NETStandardLibraryTests.Common\NETStandardLibraryTests.Common.csproj", "{636001CD-D030-4E81-A696-AA7557313443}"
EndProject
Project("{9A19103F-16F7-4668-BE54-9A1E7A4F7556}") = "NETStandardLibraryTests.Email", "tests\NETStandardLibraryTests.Email\NETStandardLibraryTests.Email.csproj", "{20DFE22B-A188-423A-80C6-320844039BC6}"
EndProject
Project("{9A19103F-16F7-4668-BE54-9A1E7A4F7556}") = "NETStandardLibraryTests.Linq", "tests\NETStandardLibraryTests.Linq\NETStandardLibraryTests.Linq.csproj", "{915F7DC8-5CC4-4854-B7F5-9B52277D4CA0}"
EndProject
Project("{9A19103F-16F7-4668-BE54-9A1E7A4F7556}") = "NETStandardLibraryTests.Search", "tests\NETStandardLibraryTests.Search\NETStandardLibraryTests.Search.csproj", "{4C5D6E7F-527D-42CA-8C54-44787E176F12}"
EndProject
Project("{2150E333-8FDC-42A3-9474-1A3956D46DE8}") = "Tests", "Tests", "{C08F723D-1C02-4CF6-A63A-310A12284992}"
EndProject
Project("{2150E333-8FDC-42A3-9474-1A3956D46DE8}") = "Samples", "Samples", "{F40621CF-38F8-4BFD-BCF3-46AF537B6526}"
EndProject
Project("{9A19103F-16F7-4668-BE54-9A1E7A4F7556}") = "NETStandardSamples.Web", "samples\NETStandardSamples.Web\NETStandardSamples.Web.csproj", "{87914ECD-E302-4EA4-A933-9DD3F245082A}"
EndProject
Global
	GlobalSection(SolutionConfigurationPlatforms) = preSolution
		Debug|Any CPU = Debug|Any CPU
		Release|Any CPU = Release|Any CPU
	EndGlobalSection
	GlobalSection(ProjectConfigurationPlatforms) = postSolution
		{8B69154F-8929-4353-B5D3-27B2050B5A2D}.Debug|Any CPU.ActiveCfg = Debug|Any CPU
		{8B69154F-8929-4353-B5D3-27B2050B5A2D}.Debug|Any CPU.Build.0 = Debug|Any CPU
		{8B69154F-8929-4353-B5D3-27B2050B5A2D}.Release|Any CPU.ActiveCfg = Release|Any CPU
		{8B69154F-8929-4353-B5D3-27B2050B5A2D}.Release|Any CPU.Build.0 = Release|Any CPU
		{B0363B00-E4FD-4BE8-82B5-A2BD1CB2CAD4}.Debug|Any CPU.ActiveCfg = Debug|Any CPU
		{B0363B00-E4FD-4BE8-82B5-A2BD1CB2CAD4}.Debug|Any CPU.Build.0 = Debug|Any CPU
		{B0363B00-E4FD-4BE8-82B5-A2BD1CB2CAD4}.Release|Any CPU.ActiveCfg = Release|Any CPU
		{B0363B00-E4FD-4BE8-82B5-A2BD1CB2CAD4}.Release|Any CPU.Build.0 = Release|Any CPU
		{1EFCCFB6-489D-44C6-B6C9-00BA9541E8CC}.Debug|Any CPU.ActiveCfg = Debug|Any CPU
		{1EFCCFB6-489D-44C6-B6C9-00BA9541E8CC}.Debug|Any CPU.Build.0 = Debug|Any CPU
		{1EFCCFB6-489D-44C6-B6C9-00BA9541E8CC}.Release|Any CPU.ActiveCfg = Release|Any CPU
		{1EFCCFB6-489D-44C6-B6C9-00BA9541E8CC}.Release|Any CPU.Build.0 = Release|Any CPU
		{55053499-2BAB-4743-A999-A261C95F043E}.Debug|Any CPU.ActiveCfg = Debug|Any CPU
		{55053499-2BAB-4743-A999-A261C95F043E}.Debug|Any CPU.Build.0 = Debug|Any CPU
		{55053499-2BAB-4743-A999-A261C95F043E}.Release|Any CPU.ActiveCfg = Release|Any CPU
		{55053499-2BAB-4743-A999-A261C95F043E}.Release|Any CPU.Build.0 = Release|Any CPU
		{DEAB96BD-4065-4324-904D-ABA618C8ED7D}.Debug|Any CPU.ActiveCfg = Debug|Any CPU
		{DEAB96BD-4065-4324-904D-ABA618C8ED7D}.Debug|Any CPU.Build.0 = Debug|Any CPU
		{DEAB96BD-4065-4324-904D-ABA618C8ED7D}.Release|Any CPU.ActiveCfg = Release|Any CPU
		{DEAB96BD-4065-4324-904D-ABA618C8ED7D}.Release|Any CPU.Build.0 = Release|Any CPU
		{636001CD-D030-4E81-A696-AA7557313443}.Debug|Any CPU.ActiveCfg = Debug|Any CPU
		{636001CD-D030-4E81-A696-AA7557313443}.Debug|Any CPU.Build.0 = Debug|Any CPU
		{636001CD-D030-4E81-A696-AA7557313443}.Release|Any CPU.ActiveCfg = Release|Any CPU
		{636001CD-D030-4E81-A696-AA7557313443}.Release|Any CPU.Build.0 = Release|Any CPU
		{20DFE22B-A188-423A-80C6-320844039BC6}.Debug|Any CPU.ActiveCfg = Debug|Any CPU
		{20DFE22B-A188-423A-80C6-320844039BC6}.Debug|Any CPU.Build.0 = Debug|Any CPU
		{20DFE22B-A188-423A-80C6-320844039BC6}.Release|Any CPU.ActiveCfg = Release|Any CPU
		{20DFE22B-A188-423A-80C6-320844039BC6}.Release|Any CPU.Build.0 = Release|Any CPU
		{915F7DC8-5CC4-4854-B7F5-9B52277D4CA0}.Debug|Any CPU.ActiveCfg = Debug|Any CPU
		{915F7DC8-5CC4-4854-B7F5-9B52277D4CA0}.Debug|Any CPU.Build.0 = Debug|Any CPU
		{915F7DC8-5CC4-4854-B7F5-9B52277D4CA0}.Release|Any CPU.ActiveCfg = Release|Any CPU
		{915F7DC8-5CC4-4854-B7F5-9B52277D4CA0}.Release|Any CPU.Build.0 = Release|Any CPU
		{4C5D6E7F-527D-42CA-8C54-44787E176F12}.Debug|Any CPU.ActiveCfg = Debug|Any CPU
		{4C5D6E7F-527D-42CA-8C54-44787E176F12}.Debug|Any CPU.Build.0 = Debug|Any CPU
		{4C5D6E7F-527D-42CA-8C54-44787E176F12}.Release|Any CPU.ActiveCfg = Release|Any CPU
		{4C5D6E7F-527D-42CA-8C54-44787E176F12}.Release|Any CPU.Build.0 = Release|Any CPU
		{87914ECD-E302-4EA4-A933-9DD3F245082A}.Debug|Any CPU.ActiveCfg = Debug|Any CPU
		{87914ECD-E302-4EA4-A933-9DD3F245082A}.Debug|Any CPU.Build.0 = Debug|Any CPU
		{87914ECD-E302-4EA4-A933-9DD3F245082A}.Release|Any CPU.ActiveCfg = Release|Any CPU
		{87914ECD-E302-4EA4-A933-9DD3F245082A}.Release|Any CPU.Build.0 = Release|Any CPU
	EndGlobalSection
	GlobalSection(SolutionProperties) = preSolution
		HideSolutionNode = FALSE
	EndGlobalSection
	GlobalSection(NestedProjects) = preSolution
		{DEAB96BD-4065-4324-904D-ABA618C8ED7D} = {C08F723D-1C02-4CF6-A63A-310A12284992}
		{636001CD-D030-4E81-A696-AA7557313443} = {C08F723D-1C02-4CF6-A63A-310A12284992}
		{20DFE22B-A188-423A-80C6-320844039BC6} = {C08F723D-1C02-4CF6-A63A-310A12284992}
		{915F7DC8-5CC4-4854-B7F5-9B52277D4CA0} = {C08F723D-1C02-4CF6-A63A-310A12284992}
		{4C5D6E7F-527D-42CA-8C54-44787E176F12} = {C08F723D-1C02-4CF6-A63A-310A12284992}
		{87914ECD-E302-4EA4-A933-9DD3F245082A} = {F40621CF-38F8-4BFD-BCF3-46AF537B6526}
	EndGlobalSection
	GlobalSection(ExtensibilityGlobals) = postSolution
		SolutionGuid = {873A7F60-2F99-40D7-9D26-C20009AA2B88}
	EndGlobalSection
EndGlobal
